
Microsoft Visual Studio Solution File, Format Version 12.00
Project("{FAE04EC0-301F-11D3-BF4B-00C04F79EFBC}") = "ScoreBoard", "ScoreBoard\ScoreBoard.csproj", "{C51B9683-0ACB-40E2-A2D9-667C73F8C0BC}"
EndProject
Project("{FAE04EC0-301F-11D3-BF4B-00C04F79EFBC}") = "ScoreBoard.Tests", "ScoreBoard.Tests\ScoreBoard.Tests.csproj", "{2E4FF715-D3E9-4EB2-AAD4-190B24B9AE8E}"
EndProject
Global
	GlobalSection(SolutionConfigurationPlatforms) = preSolution
		Debug|Any CPU = Debug|Any CPU
		Release|Any CPU = Release|Any CPU
	EndGlobalSection
	GlobalSection(ProjectConfigurationPlatforms) = postSolution
		{C51B9683-0ACB-40E2-A2D9-667C73F8C0BC}.Debug|Any CPU.ActiveCfg = Debug|Any CPU
		{C51B9683-0ACB-40E2-A2D9-667C73F8C0BC}.Debug|Any CPU.Build.0 = Debug|Any CPU
		{C51B9683-0ACB-40E2-A2D9-667C73F8C0BC}.Release|Any CPU.ActiveCfg = Release|Any CPU
		{C51B9683-0ACB-40E2-A2D9-667C73F8C0BC}.Release|Any CPU.Build.0 = Release|Any CPU
		{2E4FF715-D3E9-4EB2-AAD4-190B24B9AE8E}.Debug|Any CPU.ActiveCfg = Debug|Any CPU
		{2E4FF715-D3E9-4EB2-AAD4-190B24B9AE8E}.Debug|Any CPU.Build.0 = Debug|Any CPU
		{2E4FF715-D3E9-4EB2-AAD4-190B24B9AE8E}.Release|Any CPU.ActiveCfg = Release|Any CPU
		{2E4FF715-D3E9-4EB2-AAD4-190B24B9AE8E}.Release|Any CPU.Build.0 = Release|Any CPU
	EndGlobalSection
EndGlobal
